
Microsoft Visual Studio Solution File, Format Version 12.00
# Visual Studio Version 17
VisualStudioVersion = 17.11.35303.130
MinimumVisualStudioVersion = 10.0.40219.1
Project("{FAE04EC0-301F-11D3-BF4B-00C04F79EFBC}") = "Examen-Mvvm", "Examen-Mvvm\Examen-Mvvm.csproj", "{11AB6C26-9894-4AED-ADA6-51F0284BA2F3}"
EndProject
Global
	GlobalSection(SolutionConfigurationPlatforms) = preSolution
		Debug|Any CPU = Debug|Any CPU
		Release|Any CPU = Release|Any CPU
	EndGlobalSection
	GlobalSection(ProjectConfigurationPlatforms) = postSolution
		{11AB6C26-9894-4AED-ADA6-51F0284BA2F3}.Debug|Any CPU.ActiveCfg = Debug|Any CPU
		{11AB6C26-9894-4AED-ADA6-51F0284BA2F3}.Debug|Any CPU.Build.0 = Debug|Any CPU
		{11AB6C26-9894-4AED-ADA6-51F0284BA2F3}.Debug|Any CPU.Deploy.0 = Debug|Any CPU
		{11AB6C26-9894-4AED-ADA6-51F0284BA2F3}.Release|Any CPU.ActiveCfg = Release|Any CPU
		{11AB6C26-9894-4AED-ADA6-51F0284BA2F3}.Release|Any CPU.Build.0 = Release|Any CPU
		{11AB6C26-9894-4AED-ADA6-51F0284BA2F3}.Release|Any CPU.Deploy.0 = Release|Any CPU
	EndGlobalSection
	GlobalSection(SolutionProperties) = preSolution
		HideSolutionNode = FALSE
	EndGlobalSection
	GlobalSection(ExtensibilityGlobals) = postSolution
		SolutionGuid = {22B27F31-DAF1-421B-A767-9C2FD28DC865}
	EndGlobalSection
EndGlobal
